# THIS IS AN AUTOGENERATED FILE. DO NOT EDIT THIS FILE DIRECTLY.
# yarn lockfile v1


"@monolithed/sri@^1.0.0":
  version "1.0.0"
  resolved "https://registry.yarnpkg.com/@monolithed/sri/-/sri-1.0.0.tgz#f1de1f4df7ca0516242079b0aea7f48c5e0088fc"
  integrity sha512-Y946N6hdYUAQFLBi5v1Ae4yJO+jYg+F+jlW2bbPhdNYPCdcufN0Bv30KY3Itd2ACgEa/UiSuGwzJj6ji6PWO5Q==
